
Microsoft Visual Studio Solution File, Format Version 12.00
# Visual Studio 15
VisualStudioVersion = 15.0.27130.2036
MinimumVisualStudioVersion = 10.0.40219.1
Project("{9A19103F-16F7-4668-BE54-9A1E7A4F7556}") = "DTO", "DTO\DTO.csproj", "{D2A34613-8258-45BB-8D39-A88FE8449FA2}"
EndProject
Project("{9A19103F-16F7-4668-BE54-9A1E7A4F7556}") = "DapperTest", "DapperTest\DapperTest.csproj", "{DA0D22F6-5ABD-4607-8441-4609A01BFF5D}"
EndProject
Project("{FAE04EC0-301F-11D3-BF4B-00C04F79EFBC}") = "NorthwindEntity", "NorthwindEntity\NorthwindEntity.csproj", "{3E3865DE-F2D4-418C-A340-8EAFEF78FD9D}"
EndProject
Global
	GlobalSection(SolutionConfigurationPlatforms) = preSolution
		Debug|Any CPU = Debug|Any CPU
		Release|Any CPU = Release|Any CPU
	EndGlobalSection
	GlobalSection(ProjectConfigurationPlatforms) = postSolution
		{D2A34613-8258-45BB-8D39-A88FE8449FA2}.Debug|Any CPU.ActiveCfg = Debug|Any CPU
		{D2A34613-8258-45BB-8D39-A88FE8449FA2}.Debug|Any CPU.Build.0 = Debug|Any CPU
		{D2A34613-8258-45BB-8D39-A88FE8449FA2}.Release|Any CPU.ActiveCfg = Release|Any CPU
		{D2A34613-8258-45BB-8D39-A88FE8449FA2}.Release|Any CPU.Build.0 = Release|Any CPU
		{DA0D22F6-5ABD-4607-8441-4609A01BFF5D}.Debug|Any CPU.ActiveCfg = Debug|Any CPU
		{DA0D22F6-5ABD-4607-8441-4609A01BFF5D}.Debug|Any CPU.Build.0 = Debug|Any CPU
		{DA0D22F6-5ABD-4607-8441-4609A01BFF5D}.Release|Any CPU.ActiveCfg = Release|Any CPU
		{DA0D22F6-5ABD-4607-8441-4609A01BFF5D}.Release|Any CPU.Build.0 = Release|Any CPU
		{3E3865DE-F2D4-418C-A340-8EAFEF78FD9D}.Debug|Any CPU.ActiveCfg = Debug|Any CPU
		{3E3865DE-F2D4-418C-A340-8EAFEF78FD9D}.Debug|Any CPU.Build.0 = Debug|Any CPU
		{3E3865DE-F2D4-418C-A340-8EAFEF78FD9D}.Release|Any CPU.ActiveCfg = Release|Any CPU
		{3E3865DE-F2D4-418C-A340-8EAFEF78FD9D}.Release|Any CPU.Build.0 = Release|Any CPU
	EndGlobalSection
	GlobalSection(SolutionProperties) = preSolution
		HideSolutionNode = FALSE
	EndGlobalSection
	GlobalSection(ExtensibilityGlobals) = postSolution
		SolutionGuid = {2FEE65FE-8B31-4C00-875D-88F7E99DD70E}
	EndGlobalSection
EndGlobal
